// !$*UTF8*$!
{
	archiveVersion = 1;
	classes = {
	};
	objectVersion = 56;
	objects = {

/* Begin PBXBuildFile section */
		C10000000000000000000001 /* AppDelegate.swift in Sources */ = {isa = PBXBuildFile; fileRef = D10000000000000000000001 /* AppDelegate.swift */; };
		C10000000000000000000002 /* SceneDelegate.swift in Sources */ = {isa = PBXBuildFile; fileRef = D10000000000000000000002 /* SceneDelegate.swift */; };
		C10000000000000000000003 /* ViewController.swift in Sources */ = {isa = PBXBuildFile; fileRef = D10000000000000000000003 /* ViewController.swift */; };
		C10000000000000000000004 /* webviews in Resources */ = {isa = PBXBuildFile; fileRef = D10000000000000000000006 /* webviews */; };
		C10000000000000000000005 /* front.js in Resources */ = {isa = PBXBuildFile; fileRef = D10000000000000000000007 /* front.js */; };
		C10000000000000000000006 /* LaunchScreen.storyboard in Resources */ = {isa = PBXBuildFile; fileRef = D10000000000000000000008 /* LaunchScreen.storyboard */; };
/* End PBXBuildFile section */

/* Begin PBXFileReference section */
		D10000000000000000000001 /* AppDelegate.swift */ = {isa = PBXFileReference; lastKnownFileType = sourcecode.swift; path = AppDelegate.swift; sourceTree = "<group>"; };
		D10000000000000000000002 /* SceneDelegate.swift */ = {isa = PBXFileReference; lastKnownFileType = sourcecode.swift; path = SceneDelegate.swift; sourceTree = "<group>"; };
		D10000000000000000000003 /* ViewController.swift */ = {isa = PBXFileReference; lastKnownFileType = sourcecode.swift; path = ViewController.swift; sourceTree = "<group>"; };
		D10000000000000000000004 /* Info.plist */ = {isa = PBXFileReference; lastKnownFileType = text.plist.xml; path = FrontWebViewPOC/Info.plist; sourceTree = "<group>"; };
		D10000000000000000000005 /* FrontWebViewPOC.app */ = {isa = PBXFileReference; explicitFileType = wrapper.application; includeInIndex = 0; path = FrontWebViewPOC.app; sourceTree = BUILT_PRODUCTS_DIR; };
		D10000000000000000000006 /* webviews */ = {isa = PBXFileReference; lastKnownFileType = folder; name = webviews; path = ../; sourceTree = "<group>"; };
		D10000000000000000000007 /* front.js */ = {isa = PBXFileReference; lastKnownFileType = sourcecode.javascript; name = front.js; path = ../../front.js; sourceTree = "<group>"; };
		D10000000000000000000008 /* LaunchScreen.storyboard */ = {isa = PBXFileReference; lastKnownFileType = file.storyboard; path = LaunchScreen.storyboard; sourceTree = "<group>"; };
/* End PBXFileReference section */

/* Begin PBXFrameworksBuildPhase section */
		E10000000000000000000001 /* Frameworks */ = {
			isa = PBXFrameworksBuildPhase;
			buildActionMask = 2147483647;
			files = (
			);
			runOnlyForDeploymentPostprocessing = 0;
		};
/* End PBXFrameworksBuildPhase section */

/* Begin PBXGroup section */
		E10000000000000000000002 = {
			isa = PBXGroup;
			children = (
				E10000000000000000000003 /* FrontWebViewPOC */,
				E10000000000000000000004 /* Products */,
			);
			sourceTree = "<group>";
		};
		E10000000000000000000003 /* FrontWebViewPOC */ = {
			isa = PBXGroup;
			children = (
				D10000000000000000000001 /* AppDelegate.swift */,
				D10000000000000000000002 /* SceneDelegate.swift */,
				D10000000000000000000003 /* ViewController.swift */,
				D10000000000000000000004 /* Info.plist */,
				D10000000000000000000008 /* LaunchScreen.storyboard */,
			);
			path = FrontWebViewPOC;
			sourceTree = "<group>";
		};
		E10000000000000000000004 /* Products */ = {
			isa = PBXGroup;
			children = (
				D10000000000000000000005 /* FrontWebViewPOC.app */,
			);
			name = Products;
			sourceTree = "<group>";
		};
/* End PBXGroup section */

/* Begin PBXNativeTarget section */
		B10000000000000000000001 /* FrontWebViewPOC */ = {
			isa = PBXNativeTarget;
			buildConfigurationList = G10000000000000000000002 /* Build configuration list for PBXNativeTarget \"FrontWebViewPOC\" */;
			buildPhases = (
				E10000000000000000000005 /* Sources */,
				E10000000000000000000001 /* Frameworks */,
				E10000000000000000000006 /* Resources */,
			);
			buildRules = (
			);
			dependencies = (
			);
			name = FrontWebViewPOC;
			productName = FrontWebViewPOC;
			productReference = D10000000000000000000005 /* FrontWebViewPOC.app */;
			productType = "com.apple.product-type.application";
		};
/* End PBXNativeTarget section */

/* Begin PBXProject section */
		A10000000000000000000001 /* Project object */ = {
			isa = PBXProject;
			attributes = {
				BuildIndependentTargetsInParallel = 1;
				LastUpgradeCheck = 1500;
				TargetAttributes = {
					B10000000000000000000001 = {
						CreatedOnToolsVersion = 15.0;
					};
				};
			};
			buildConfigurationList = G10000000000000000000001 /* Build configuration list for PBXProject \"FrontWebViewPOC\" */;
			compatibilityVersion = "Xcode 14.0";
			developmentRegion = en;
			hasScannedForEncodings = 0;
			knownRegions = (
				en,
				Base,
			);
			mainGroup = E10000000000000000000002;
			productRefGroup = E10000000000000000000004 /* Products */;
			projectDirPath = "";
			projectRoot = "";
			targets = (
				B10000000000000000000001 /* FrontWebViewPOC */,
			);
		};
/* End PBXProject section */

/* Begin PBXResourcesBuildPhase section */
		E10000000000000000000006 /* Resources */ = {
			isa = PBXResourcesBuildPhase;
			buildActionMask = 2147483647;
			files = (
				C10000000000000000000004 /* webviews in Resources */,
				C10000000000000000000005 /* front.js in Resources */,
				C10000000000000000000006 /* LaunchScreen.storyboard in Resources */,
			);
			runOnlyForDeploymentPostprocessing = 0;
		};
/* End PBXResourcesBuildPhase section */

/* Begin PBXSourcesBuildPhase section */
		E10000000000000000000005 /* Sources */ = {
			isa = PBXSourcesBuildPhase;
			buildActionMask = 2147483647;
			files = (
				C10000000000000000000001 /* AppDelegate.swift in Sources */,
				C10000000000000000000002 /* SceneDelegate.swift in Sources */,
				C10000000000000000000003 /* ViewController.swift in Sources */,
			);
			runOnlyForDeploymentPostprocessing = 0;
		};
/* End PBXSourcesBuildPhase section */

/* Begin XCBuildConfiguration section */
		F10000000000000000000001 /* Debug */ = {
			isa = XCBuildConfiguration;
			buildSettings = {
				ALWAYS_SEARCH_USER_PATHS = NO;
				CLANG_ENABLE_MODULES = YES;
				SDKROOT = iphoneos;
				SWIFT_OPTIMIZATION_LEVEL = "-Onone";
			};
			name = Debug;
		};
		F10000000000000000000002 /* Release */ = {
			isa = XCBuildConfiguration;
			buildSettings = {
				ALWAYS_SEARCH_USER_PATHS = NO;
				CLANG_ENABLE_MODULES = YES;
				SDKROOT = iphoneos;
				SWIFT_OPTIMIZATION_LEVEL = "-O";
			};
			name = Release;
		};
		F10000000000000000000003 /* Debug */ = {
			isa = XCBuildConfiguration;
			buildSettings = {
				CODE_SIGNING_ALLOWED = NO;
				CODE_SIGNING_REQUIRED = NO;
				FRONT_URL = "";
				INFOPLIST_FILE = FrontWebViewPOC/Info.plist;
				IPHONEOS_DEPLOYMENT_TARGET = 15.0;
				PRODUCT_BUNDLE_IDENTIFIER = com.front.webviewpoc;
				PRODUCT_NAME = "$(TARGET_NAME)";
				SWIFT_VERSION = 5.0;
				TARGETED_DEVICE_FAMILY = "1,2";
			};
			name = Debug;
		};
		F10000000000000000000004 /* Release */ = {
			isa = XCBuildConfiguration;
			buildSettings = {
				CODE_SIGNING_ALLOWED = NO;
				CODE_SIGNING_REQUIRED = NO;
				FRONT_URL = "";
				INFOPLIST_FILE = FrontWebViewPOC/Info.plist;
				IPHONEOS_DEPLOYMENT_TARGET = 15.0;
				PRODUCT_BUNDLE_IDENTIFIER = com.front.webviewpoc;
				PRODUCT_NAME = "$(TARGET_NAME)";
				SWIFT_VERSION = 5.0;
				TARGETED_DEVICE_FAMILY = "1,2";
			};
			name = Release;
		};
/* End XCBuildConfiguration section */

/* Begin XCConfigurationList section */
		G10000000000000000000001 /* Build configuration list for PBXProject \"FrontWebViewPOC\" */ = {
			isa = XCConfigurationList;
			buildConfigurations = (
				F10000000000000000000001 /* Debug */,
				F10000000000000000000002 /* Release */,
			);
			defaultConfigurationIsVisible = 0;
			defaultConfigurationName = Release;
		};
		G10000000000000000000002 /* Build configuration list for PBXNativeTarget \"FrontWebViewPOC\" */ = {
			isa = XCConfigurationList;
			buildConfigurations = (
				F10000000000000000000003 /* Debug */,
				F10000000000000000000004 /* Release */,
			);
			defaultConfigurationIsVisible = 0;
			defaultConfigurationName = Release;
		};
/* End XCConfigurationList section */
	};
	rootObject = A10000000000000000000001 /* Project object */;
}
